
Microsoft Visual Studio Solution File, Format Version 12.00
# Visual Studio 2013
VisualStudioVersion = 12.0.30501.0
MinimumVisualStudioVersion = 10.0.40219.1
Project("{FAE04EC0-301F-11D3-BF4B-00C04F79EFBC}") = "DrawIt.WinPhone", "DrawIt\DrawIt.WinPhone\DrawIt.WinPhone.csproj", "{F7951E1C-C021-4D5C-BDD9-65196F5CF282}"
EndProject
Project("{FAE04EC0-301F-11D3-BF4B-00C04F79EFBC}") = "DrawIt.iOS", "DrawIt\DrawIt.iOS\DrawIt.iOS.csproj", "{46D85232-4C30-4881-AE5B-94981F215851}"
EndProject
Project("{FAE04EC0-301F-11D3-BF4B-00C04F79EFBC}") = "DrawIt.Android", "DrawIt\DrawIt.Android\DrawIt.Android.csproj", "{6776F685-5A66-4263-9F43-1C0872F07D48}"
EndProject
Project("{D954291E-2A0B-460D-934E-DC6B0785DB48}") = "DrawIt", "DrawIt\DrawIt\DrawIt.shproj", "{C1CF338D-8803-40A8-99AF-5FF6D9CE7E59}"
EndProject
Global
	GlobalSection(SharedMSBuildProjectFiles) = preSolution
		DrawIt\DrawIt\DrawIt.projitems*{46d85232-4c30-4881-ae5b-94981f215851}*SharedItemsImports = 4
		DrawIt\DrawIt\DrawIt.projitems*{c1cf338d-8803-40a8-99af-5ff6d9ce7e59}*SharedItemsImports = 13
		DrawIt\DrawIt\DrawIt.projitems*{6776f685-5a66-4263-9f43-1c0872f07d48}*SharedItemsImports = 4
		DrawIt\DrawIt\DrawIt.projitems*{f7951e1c-c021-4d5c-bdd9-65196f5cf282}*SharedItemsImports = 4
	EndGlobalSection
	GlobalSection(SolutionConfigurationPlatforms) = preSolution
		Ad-Hoc|Any CPU = Ad-Hoc|Any CPU
		Ad-Hoc|ARM = Ad-Hoc|ARM
		Ad-Hoc|iPhone = Ad-Hoc|iPhone
		Ad-Hoc|iPhoneSimulator = Ad-Hoc|iPhoneSimulator
		Ad-Hoc|Mixed Platforms = Ad-Hoc|Mixed Platforms
		Ad-Hoc|x86 = Ad-Hoc|x86
		AppStore|Any CPU = AppStore|Any CPU
		AppStore|ARM = AppStore|ARM
		AppStore|iPhone = AppStore|iPhone
		AppStore|iPhoneSimulator = AppStore|iPhoneSimulator
		AppStore|Mixed Platforms = AppStore|Mixed Platforms
		AppStore|x86 = AppStore|x86
		Debug|Any CPU = Debug|Any CPU
		Debug|ARM = Debug|ARM
		Debug|iPhone = Debug|iPhone
		Debug|iPhoneSimulator = Debug|iPhoneSimulator
		Debug|Mixed Platforms = Debug|Mixed Platforms
		Debug|x86 = Debug|x86
		Release|Any CPU = Release|Any CPU
		Release|ARM = Release|ARM
		Release|iPhone = Release|iPhone
		Release|iPhoneSimulator = Release|iPhoneSimulator
		Release|Mixed Platforms = Release|Mixed Platforms
		Release|x86 = Release|x86
	EndGlobalSection
	GlobalSection(ProjectConfigurationPlatforms) = postSolution
		{F7951E1C-C021-4D5C-BDD9-65196F5CF282}.Ad-Hoc|Any CPU.ActiveCfg = Release|Any CPU
		{F7951E1C-C021-4D5C-BDD9-65196F5CF282}.Ad-Hoc|Any CPU.Build.0 = Release|Any CPU
		{F7951E1C-C021-4D5C-BDD9-65196F5CF282}.Ad-Hoc|Any CPU.Deploy.0 = Release|Any CPU
		{F7951E1C-C021-4D5C-BDD9-65196F5CF282}.Ad-Hoc|ARM.ActiveCfg = Release|ARM
		{F7951E1C-C021-4D5C-BDD9-65196F5CF282}.Ad-Hoc|ARM.Build.0 = Release|ARM
		{F7951E1C-C021-4D5C-BDD9-65196F5CF282}.Ad-Hoc|ARM.Deploy.0 = Release|ARM
		{F7951E1C-C021-4D5C-BDD9-65196F5CF282}.Ad-Hoc|iPhone.ActiveCfg = Release|Any CPU
		{F7951E1C-C021-4D5C-BDD9-65196F5CF282}.Ad-Hoc|iPhoneSimulator.ActiveCfg = Release|Any CPU
		{F7951E1C-C021-4D5C-BDD9-65196F5CF282}.Ad-Hoc|Mixed Platforms.ActiveCfg = Release|x86
		{F7951E1C-C021-4D5C-BDD9-65196F5CF282}.Ad-Hoc|Mixed Platforms.Build.0 = Release|x86
		{F7951E1C-C021-4D5C-BDD9-65196F5CF282}.Ad-Hoc|Mixed Platforms.Deploy.0 = Release|x86
		{F7951E1C-C021-4D5C-BDD9-65196F5CF282}.Ad-Hoc|x86.ActiveCfg = Release|x86
		{F7951E1C-C021-4D5C-BDD9-65196F5CF282}.Ad-Hoc|x86.Build.0 = Release|x86
		{F7951E1C-C021-4D5C-BDD9-65196F5CF282}.Ad-Hoc|x86.Deploy.0 = Release|x86
		{F7951E1C-C021-4D5C-BDD9-65196F5CF282}.AppStore|Any CPU.ActiveCfg = Release|Any CPU
		{F7951E1C-C021-4D5C-BDD9-65196F5CF282}.AppStore|Any CPU.Build.0 = Release|Any CPU
		{F7951E1C-C021-4D5C-BDD9-65196F5CF282}.AppStore|Any CPU.Deploy.0 = Release|Any CPU
		{F7951E1C-C021-4D5C-BDD9-65196F5CF282}.AppStore|ARM.ActiveCfg = Release|ARM
		{F7951E1C-C021-4D5C-BDD9-65196F5CF282}.AppStore|ARM.Build.0 = Release|ARM
		{F7951E1C-C021-4D5C-BDD9-65196F5CF282}.AppStore|ARM.Deploy.0 = Release|ARM
		{F7951E1C-C021-4D5C-BDD9-65196F5CF282}.AppStore|iPhone.ActiveCfg = Release|Any CPU
		{F7951E1C-C021-4D5C-BDD9-65196F5CF282}.AppStore|iPhoneSimulator.ActiveCfg = Release|Any CPU
		{F7951E1C-C021-4D5C-BDD9-65196F5CF282}.AppStore|Mixed Platforms.ActiveCfg = Release|x86
		{F7951E1C-C021-4D5C-BDD9-65196F5CF282}.AppStore|Mixed Platforms.Build.0 = Release|x86
		{F7951E1C-C021-4D5C-BDD9-65196F5CF282}.AppStore|Mixed Platforms.Deploy.0 = Release|x86
		{F7951E1C-C021-4D5C-BDD9-65196F5CF282}.AppStore|x86.ActiveCfg = Release|x86
		{F7951E1C-C021-4D5C-BDD9-65196F5CF282}.AppStore|x86.Build.0 = Release|x86
		{F7951E1C-C021-4D5C-BDD9-65196F5CF282}.AppStore|x86.Deploy.0 = Release|x86
		{F7951E1C-C021-4D5C-BDD9-65196F5CF282}.Debug|Any CPU.ActiveCfg = Debug|Any CPU
		{F7951E1C-C021-4D5C-BDD9-65196F5CF282}.Debug|Any CPU.Build.0 = Debug|Any CPU
		{F7951E1C-C021-4D5C-BDD9-65196F5CF282}.Debug|Any CPU.Deploy.0 = Debug|Any CPU
		{F7951E1C-C021-4D5C-BDD9-65196F5CF282}.Debug|ARM.ActiveCfg = Debug|ARM
		{F7951E1C-C021-4D5C-BDD9-65196F5CF282}.Debug|ARM.Build.0 = Debug|ARM
		{F7951E1C-C021-4D5C-BDD9-65196F5CF282}.Debug|ARM.Deploy.0 = Debug|ARM
		{F7951E1C-C021-4D5C-BDD9-65196F5CF282}.Debug|iPhone.ActiveCfg = Debug|Any CPU
		{F7951E1C-C021-4D5C-BDD9-65196F5CF282}.Debug|iPhoneSimulator.ActiveCfg = Debug|Any CPU
		{F7951E1C-C021-4D5C-BDD9-65196F5CF282}.Debug|Mixed Platforms.ActiveCfg = Debug|x86
		{F7951E1C-C021-4D5C-BDD9-65196F5CF282}.Debug|Mixed Platforms.Build.0 = Debug|x86
		{F7951E1C-C021-4D5C-BDD9-65196F5CF282}.Debug|Mixed Platforms.Deploy.0 = Debug|x86
		{F7951E1C-C021-4D5C-BDD9-65196F5CF282}.Debug|x86.ActiveCfg = Debug|x86
		{F7951E1C-C021-4D5C-BDD9-65196F5CF282}.Debug|x86.Build.0 = Debug|x86
		{F7951E1C-C021-4D5C-BDD9-65196F5CF282}.Debug|x86.Deploy.0 = Debug|x86
		{F7951E1C-C021-4D5C-BDD9-65196F5CF282}.Release|Any CPU.ActiveCfg = Release|Any CPU
		{F7951E1C-C021-4D5C-BDD9-65196F5CF282}.Release|Any CPU.Build.0 = Release|Any CPU
		{F7951E1C-C021-4D5C-BDD9-65196F5CF282}.Release|Any CPU.Deploy.0 = Release|Any CPU
		{F7951E1C-C021-4D5C-BDD9-65196F5CF282}.Release|ARM.ActiveCfg = Release|ARM
		{F7951E1C-C021-4D5C-BDD9-65196F5CF282}.Release|ARM.Build.0 = Release|ARM
		{F7951E1C-C021-4D5C-BDD9-65196F5CF282}.Release|ARM.Deploy.0 = Release|ARM
		{F7951E1C-C021-4D5C-BDD9-65196F5CF282}.Release|iPhone.ActiveCfg = Release|Any CPU
		{F7951E1C-C021-4D5C-BDD9-65196F5CF282}.Release|iPhoneSimulator.ActiveCfg = Release|Any CPU
		{F7951E1C-C021-4D5C-BDD9-65196F5CF282}.Release|Mixed Platforms.ActiveCfg = Release|x86
		{F7951E1C-C021-4D5C-BDD9-65196F5CF282}.Release|Mixed Platforms.Build.0 = Release|x86
		{F7951E1C-C021-4D5C-BDD9-65196F5CF282}.Release|Mixed Platforms.Deploy.0 = Release|x86
		{F7951E1C-C021-4D5C-BDD9-65196F5CF282}.Release|x86.ActiveCfg = Release|x86
		{F7951E1C-C021-4D5C-BDD9-65196F5CF282}.Release|x86.Build.0 = Release|x86
		{F7951E1C-C021-4D5C-BDD9-65196F5CF282}.Release|x86.Deploy.0 = Release|x86
		{46D85232-4C30-4881-AE5B-94981F215851}.Ad-Hoc|Any CPU.ActiveCfg = Ad-Hoc|iPhone
		{46D85232-4C30-4881-AE5B-94981F215851}.Ad-Hoc|ARM.ActiveCfg = Ad-Hoc|iPhone
		{46D85232-4C30-4881-AE5B-94981F215851}.Ad-Hoc|iPhone.ActiveCfg = Ad-Hoc|iPhone
		{46D85232-4C30-4881-AE5B-94981F215851}.Ad-Hoc|iPhone.Build.0 = Ad-Hoc|iPhone
		{46D85232-4C30-4881-AE5B-94981F215851}.Ad-Hoc|iPhone.Deploy.0 = Ad-Hoc|iPhone
		{46D85232-4C30-4881-AE5B-94981F215851}.Ad-Hoc|iPhoneSimulator.ActiveCfg = Ad-Hoc|iPhoneSimulator
		{46D85232-4C30-4881-AE5B-94981F215851}.Ad-Hoc|iPhoneSimulator.Build.0 = Ad-Hoc|iPhoneSimulator
		{46D85232-4C30-4881-AE5B-94981F215851}.Ad-Hoc|iPhoneSimulator.Deploy.0 = Ad-Hoc|iPhoneSimulator
		{46D85232-4C30-4881-AE5B-94981F215851}.Ad-Hoc|Mixed Platforms.ActiveCfg = Ad-Hoc|iPhone
		{46D85232-4C30-4881-AE5B-94981F215851}.Ad-Hoc|Mixed Platforms.Build.0 = Ad-Hoc|iPhone
		{46D85232-4C30-4881-AE5B-94981F215851}.Ad-Hoc|Mixed Platforms.Deploy.0 = Ad-Hoc|iPhone
		{46D85232-4C30-4881-AE5B-94981F215851}.Ad-Hoc|x86.ActiveCfg = Ad-Hoc|iPhone
		{46D85232-4C30-4881-AE5B-94981F215851}.AppStore|Any CPU.ActiveCfg = AppStore|iPhone
		{46D85232-4C30-4881-AE5B-94981F215851}.AppStore|ARM.ActiveCfg = AppStore|iPhone
		{46D85232-4C30-4881-AE5B-94981F215851}.AppStore|iPhone.ActiveCfg = AppStore|iPhone
		{46D85232-4C30-4881-AE5B-94981F215851}.AppStore|iPhone.Build.0 = AppStore|iPhone
		{46D85232-4C30-4881-AE5B-94981F215851}.AppStore|iPhone.Deploy.0 = AppStore|iPhone
		{46D85232-4C30-4881-AE5B-94981F215851}.AppStore|iPhoneSimulator.ActiveCfg = AppStore|iPhoneSimulator
		{46D85232-4C30-4881-AE5B-94981F215851}.AppStore|iPhoneSimulator.Build.0 = AppStore|iPhoneSimulator
		{46D85232-4C30-4881-AE5B-94981F215851}.AppStore|iPhoneSimulator.Deploy.0 = AppStore|iPhoneSimulator
		{46D85232-4C30-4881-AE5B-94981F215851}.AppStore|Mixed Platforms.ActiveCfg = AppStore|iPhone
		{46D85232-4C30-4881-AE5B-94981F215851}.AppStore|Mixed Platforms.Build.0 = AppStore|iPhone
		{46D85232-4C30-4881-AE5B-94981F215851}.AppStore|Mixed Platforms.Deploy.0 = AppStore|iPhone
		{46D85232-4C30-4881-AE5B-94981F215851}.AppStore|x86.ActiveCfg = AppStore|iPhone
		{46D85232-4C30-4881-AE5B-94981F215851}.Debug|Any CPU.ActiveCfg = Debug|iPhone
		{46D85232-4C30-4881-AE5B-94981F215851}.Debug|ARM.ActiveCfg = Debug|iPhone
		{46D85232-4C30-4881-AE5B-94981F215851}.Debug|iPhone.ActiveCfg = Debug|iPhone
		{46D85232-4C30-4881-AE5B-94981F215851}.Debug|iPhone.Build.0 = Debug|iPhone
		{46D85232-4C30-4881-AE5B-94981F215851}.Debug|iPhone.Deploy.0 = Debug|iPhone
		{46D85232-4C30-4881-AE5B-94981F215851}.Debug|iPhoneSimulator.ActiveCfg = Debug|iPhoneSimulator
		{46D85232-4C30-4881-AE5B-94981F215851}.Debug|iPhoneSimulator.Build.0 = Debug|iPhoneSimulator
		{46D85232-4C30-4881-AE5B-94981F215851}.Debug|iPhoneSimulator.Deploy.0 = Debug|iPhoneSimulator
		{46D85232-4C30-4881-AE5B-94981F215851}.Debug|Mixed Platforms.ActiveCfg = Debug|iPhoneSimulator
		{46D85232-4C30-4881-AE5B-94981F215851}.Debug|Mixed Platforms.Build.0 = Debug|iPhoneSimulator
		{46D85232-4C30-4881-AE5B-94981F215851}.Debug|Mixed Platforms.Deploy.0 = Debug|iPhoneSimulator
		{46D85232-4C30-4881-AE5B-94981F215851}.Debug|x86.ActiveCfg = Debug|iPhone
		{46D85232-4C30-4881-AE5B-94981F215851}.Release|Any CPU.ActiveCfg = Release|iPhone
		{46D85232-4C30-4881-AE5B-94981F215851}.Release|ARM.ActiveCfg = Release|iPhone
		{46D85232-4C30-4881-AE5B-94981F215851}.Release|iPhone.ActiveCfg = Release|iPhone
		{46D85232-4C30-4881-AE5B-94981F215851}.Release|iPhone.Build.0 = Release|iPhone
		{46D85232-4C30-4881-AE5B-94981F215851}.Release|iPhone.Deploy.0 = Release|iPhone
		{46D85232-4C30-4881-AE5B-94981F215851}.Release|iPhoneSimulator.ActiveCfg = Release|iPhoneSimulator
		{46D85232-4C30-4881-AE5B-94981F215851}.Release|iPhoneSimulator.Build.0 = Release|iPhoneSimulator
		{46D85232-4C30-4881-AE5B-94981F215851}.Release|iPhoneSimulator.Deploy.0 = Release|iPhoneSimulator
		{46D85232-4C30-4881-AE5B-94981F215851}.Release|Mixed Platforms.ActiveCfg = Release|iPhone
		{46D85232-4C30-4881-AE5B-94981F215851}.Release|Mixed Platforms.Build.0 = Release|iPhone
		{46D85232-4C30-4881-AE5B-94981F215851}.Release|Mixed Platforms.Deploy.0 = Release|iPhone
		{46D85232-4C30-4881-AE5B-94981F215851}.Release|x86.ActiveCfg = Release|iPhone
		{6776F685-5A66-4263-9F43-1C0872F07D48}.Ad-Hoc|Any CPU.ActiveCfg = Release|Any CPU
		{6776F685-5A66-4263-9F43-1C0872F07D48}.Ad-Hoc|Any CPU.Build.0 = Release|Any CPU
		{6776F685-5A66-4263-9F43-1C0872F07D48}.Ad-Hoc|Any CPU.Deploy.0 = Release|Any CPU
		{6776F685-5A66-4263-9F43-1C0872F07D48}.Ad-Hoc|ARM.ActiveCfg = Release|Any CPU
		{6776F685-5A66-4263-9F43-1C0872F07D48}.Ad-Hoc|iPhone.ActiveCfg = Release|Any CPU
		{6776F685-5A66-4263-9F43-1C0872F07D48}.Ad-Hoc|iPhoneSimulator.ActiveCfg = Release|Any CPU
		{6776F685-5A66-4263-9F43-1C0872F07D48}.Ad-Hoc|Mixed Platforms.ActiveCfg = Release|Any CPU
		{6776F685-5A66-4263-9F43-1C0872F07D48}.Ad-Hoc|Mixed Platforms.Build.0 = Release|Any CPU
		{6776F685-5A66-4263-9F43-1C0872F07D48}.Ad-Hoc|Mixed Platforms.Deploy.0 = Release|Any CPU
		{6776F685-5A66-4263-9F43-1C0872F07D48}.Ad-Hoc|x86.ActiveCfg = Release|Any CPU
		{6776F685-5A66-4263-9F43-1C0872F07D48}.AppStore|Any CPU.ActiveCfg = Release|Any CPU
		{6776F685-5A66-4263-9F43-1C0872F07D48}.AppStore|Any CPU.Build.0 = Release|Any CPU
		{6776F685-5A66-4263-9F43-1C0872F07D48}.AppStore|Any CPU.Deploy.0 = Release|Any CPU
		{6776F685-5A66-4263-9F43-1C0872F07D48}.AppStore|ARM.ActiveCfg = Release|Any CPU
		{6776F685-5A66-4263-9F43-1C0872F07D48}.AppStore|iPhone.ActiveCfg = Release|Any CPU
		{6776F685-5A66-4263-9F43-1C0872F07D48}.AppStore|iPhoneSimulator.ActiveCfg = Release|Any CPU
		{6776F685-5A66-4263-9F43-1C0872F07D48}.AppStore|Mixed Platforms.ActiveCfg = Release|Any CPU
		{6776F685-5A66-4263-9F43-1C0872F07D48}.AppStore|Mixed Platforms.Build.0 = Release|Any CPU
		{6776F685-5A66-4263-9F43-1C0872F07D48}.AppStore|Mixed Platforms.Deploy.0 = Release|Any CPU
		{6776F685-5A66-4263-9F43-1C0872F07D48}.AppStore|x86.ActiveCfg = Release|Any CPU
		{6776F685-5A66-4263-9F43-1C0872F07D48}.Debug|Any CPU.ActiveCfg = Debug|Any CPU
		{6776F685-5A66-4263-9F43-1C0872F07D48}.Debug|Any CPU.Build.0 = Debug|Any CPU
		{6776F685-5A66-4263-9F43-1C0872F07D48}.Debug|Any CPU.Deploy.0 = Debug|Any CPU
		{6776F685-5A66-4263-9F43-1C0872F07D48}.Debug|ARM.ActiveCfg = Debug|Any CPU
		{6776F685-5A66-4263-9F43-1C0872F07D48}.Debug|iPhone.ActiveCfg = Debug|Any CPU
		{6776F685-5A66-4263-9F43-1C0872F07D48}.Debug|iPhoneSimulator.ActiveCfg = Debug|Any CPU
		{6776F685-5A66-4263-9F43-1C0872F07D48}.Debug|Mixed Platforms.ActiveCfg = Debug|Any CPU
		{6776F685-5A66-4263-9F43-1C0872F07D48}.Debug|Mixed Platforms.Build.0 = Debug|Any CPU
		{6776F685-5A66-4263-9F43-1C0872F07D48}.Debug|Mixed Platforms.Deploy.0 = Debug|Any CPU
		{6776F685-5A66-4263-9F43-1C0872F07D48}.Debug|x86.ActiveCfg = Debug|Any CPU
		{6776F685-5A66-4263-9F43-1C0872F07D48}.Release|Any CPU.ActiveCfg = Release|Any CPU
		{6776F685-5A66-4263-9F43-1C0872F07D48}.Release|Any CPU.Build.0 = Release|Any CPU
		{6776F685-5A66-4263-9F43-1C0872F07D48}.Release|Any CPU.Deploy.0 = Release|Any CPU
		{6776F685-5A66-4263-9F43-1C0872F07D48}.Release|ARM.ActiveCfg = Release|Any CPU
		{6776F685-5A66-4263-9F43-1C0872F07D48}.Release|iPhone.ActiveCfg = Release|Any CPU
		{6776F685-5A66-4263-9F43-1C0872F07D48}.Release|iPhoneSimulator.ActiveCfg = Release|Any CPU
		{6776F685-5A66-4263-9F43-1C0872F07D48}.Release|Mixed Platforms.ActiveCfg = Release|Any CPU
		{6776F685-5A66-4263-9F43-1C0872F07D48}.Release|Mixed Platforms.Build.0 = Release|Any CPU
		{6776F685-5A66-4263-9F43-1C0872F07D48}.Release|Mixed Platforms.Deploy.0 = Release|Any CPU
		{6776F685-5A66-4263-9F43-1C0872F07D48}.Release|x86.ActiveCfg = Release|Any CPU
	EndGlobalSection
	GlobalSection(SolutionProperties) = preSolution
		HideSolutionNode = FALSE
	EndGlobalSection
EndGlobal
